pytest==8.3.5 --hash=sha256:c69214aa47deac29fad6c2a4f590b9c4a9fdb16a403176fe154b79c0b4d4d820
flit_core==3.12.0 --hash=sha256:e7a0304069ea895172e3c7bb703292e992c5d1555dd1233ab7b5621b5b69e62c
packaging==24.2 --hash=sha256:09abb1bccd265c01f4a3aa3f7a7db064b36514d2cba19a2f694fe6150451a759
pluggy==1.5.0 --hash=sha256:44e1ad92c8ca002de6377e165f3e0f1be63266ab4d554740532335b9d75ea669
iniconfig==2.1.0 --hash=sha256:9deba5723312380e77435581c6bf4935c94cbfab9b1ed33ef8d238ea168eb760
